
Microsoft Visual Studio Solution File, Format Version 12.00
# Visual Studio Version 17
VisualStudioVersion = 17.6.33829.357
MinimumVisualStudioVersion = 10.0.40219.1
Project("{9A19103F-16F7-4668-BE54-9A1E7A4F7556}") = "TexturePackerLoader", "TexturePackerLoader.csproj", "{F326B59F-12D7-430B-A74F-418A967D079E}"
EndProject
Global
	GlobalSection(SolutionConfigurationPlatforms) = preSolution
		Debug|Any CPU = Debug|Any CPU
		Release|Any CPU = Release|Any CPU
	EndGlobalSection
	GlobalSection(ProjectConfigurationPlatforms) = postSolution
		{F326B59F-12D7-430B-A74F-418A967D079E}.Debug|Any CPU.ActiveCfg = Release|Any CPU
		{F326B59F-12D7-430B-A74F-418A967D079E}.Debug|Any CPU.Build.0 = Release|Any CPU
		{F326B59F-12D7-430B-A74F-418A967D079E}.Release|Any CPU.ActiveCfg = Release|Any CPU
		{F326B59F-12D7-430B-A74F-418A967D079E}.Release|Any CPU.Build.0 = Release|Any CPU
	EndGlobalSection
	GlobalSection(SolutionProperties) = preSolution
		HideSolutionNode = FALSE
	EndGlobalSection
	GlobalSection(ExtensibilityGlobals) = postSolution
		SolutionGuid = {6DB707A9-0677-487E-B7C3-D59ABD92F166}
	EndGlobalSection
EndGlobal
